
Microsoft Visual Studio Solution File, Format Version 12.00
# Visual Studio 15
Project("{FAE04EC0-301F-11D3-BF4B-00C04F79EFBC}") = "Assembly-CSharp", "Assembly-CSharp.csproj", "{78B4C8F0-19D4-ACE8-6BE2-E5A0C0CCF7CF}"
EndProject
Project("{FAE04EC0-301F-11D3-BF4B-00C04F79EFBC}") = "Assembly-CSharp-Editor", "Assembly-CSharp-Editor.csproj", "{D2F5CD8A-18F0-8092-C518-C7B666891F60}"
EndProject
Global
	GlobalSection(SolutionConfigurationPlatforms) = preSolution
		Debug|Any CPU = Debug|Any CPU
		Release|Any CPU = Release|Any CPU
	EndGlobalSection
	GlobalSection(ProjectConfigurationPlatforms) = postSolution
		{78B4C8F0-19D4-ACE8-6BE2-E5A0C0CCF7CF}.Debug|Any CPU.ActiveCfg = Debug|Any CPU
		{78B4C8F0-19D4-ACE8-6BE2-E5A0C0CCF7CF}.Debug|Any CPU.Build.0 = Debug|Any CPU
		{78B4C8F0-19D4-ACE8-6BE2-E5A0C0CCF7CF}.Release|Any CPU.ActiveCfg = Release|Any CPU
		{78B4C8F0-19D4-ACE8-6BE2-E5A0C0CCF7CF}.Release|Any CPU.Build.0 = Release|Any CPU
		{D2F5CD8A-18F0-8092-C518-C7B666891F60}.Debug|Any CPU.ActiveCfg = Debug|Any CPU
		{D2F5CD8A-18F0-8092-C518-C7B666891F60}.Debug|Any CPU.Build.0 = Debug|Any CPU
		{D2F5CD8A-18F0-8092-C518-C7B666891F60}.Release|Any CPU.ActiveCfg = Release|Any CPU
		{D2F5CD8A-18F0-8092-C518-C7B666891F60}.Release|Any CPU.Build.0 = Release|Any CPU
	EndGlobalSection
	GlobalSection(SolutionProperties) = preSolution
		HideSolutionNode = FALSE
	EndGlobalSection
EndGlobal
